
Microsoft Visual Studio Solution File, Format Version 12.00
# Visual Studio Version 16
VisualStudioVersion = 16.0.31829.152
MinimumVisualStudioVersion = 10.0.40219.1
Project("{8BC9CEB8-8B4A-11D0-8D11-00A0C91BC942}") = "cos_assignment", "cos_assignment\cos_assignment.vcxproj", "{4CC7FEBD-93A1-4C72-AA49-411541751C66}"
EndProject
Global
	GlobalSection(SolutionConfigurationPlatforms) = preSolution
		Debug|x64 = Debug|x64
		Debug|x86 = Debug|x86
		Release|x64 = Release|x64
		Release|x86 = Release|x86
	EndGlobalSection
	GlobalSection(ProjectConfigurationPlatforms) = postSolution
		{4CC7FEBD-93A1-4C72-AA49-411541751C66}.Debug|x64.ActiveCfg = Debug|x64
		{4CC7FEBD-93A1-4C72-AA49-411541751C66}.Debug|x64.Build.0 = Debug|x64
		{4CC7FEBD-93A1-4C72-AA49-411541751C66}.Debug|x86.ActiveCfg = Debug|Win32
		{4CC7FEBD-93A1-4C72-AA49-411541751C66}.Debug|x86.Build.0 = Debug|Win32
		{4CC7FEBD-93A1-4C72-AA49-411541751C66}.Release|x64.ActiveCfg = Release|x64
		{4CC7FEBD-93A1-4C72-AA49-411541751C66}.Release|x64.Build.0 = Release|x64
		{4CC7FEBD-93A1-4C72-AA49-411541751C66}.Release|x86.ActiveCfg = Release|Win32
		{4CC7FEBD-93A1-4C72-AA49-411541751C66}.Release|x86.Build.0 = Release|Win32
	EndGlobalSection
	GlobalSection(SolutionProperties) = preSolution
		HideSolutionNode = FALSE
	EndGlobalSection
	GlobalSection(ExtensibilityGlobals) = postSolution
		SolutionGuid = {FC2322A2-A8EE-47BF-9898-3D62761E71B6}
	EndGlobalSection
EndGlobal
